
Microsoft Visual Studio Solution File, Format Version 12.00
# Visual Studio Version 16
VisualStudioVersion = 16.0.30804.86
MinimumVisualStudioVersion = 10.0.40219.1
Project("{FAE04EC0-301F-11D3-BF4B-00C04F79EFBC}") = "PetShelter", "PetShelter.csproj", "{107E5A7A-E46C-4990-8AA4-3B76E1AEF227}"
EndProject
Project("{FAE04EC0-301F-11D3-BF4B-00C04F79EFBC}") = "Petshelter.Admin", "Petshelter.Admin\Petshelter.Admin.csproj", "{1F2A2314-760D-415E-85BD-847DF51F1B9D}"
EndProject
Project("{FAE04EC0-301F-11D3-BF4B-00C04F79EFBC}") = "PetShelter.Data", "PetShelter.Data\PetShelter.Data.csproj", "{42436B56-DF6F-4596-9082-5F2ABBA09E01}"
EndProject
Global
	GlobalSection(SolutionConfigurationPlatforms) = preSolution
		Debug|Any CPU = Debug|Any CPU
		Release|Any CPU = Release|Any CPU
	EndGlobalSection
	GlobalSection(ProjectConfigurationPlatforms) = postSolution
		{107E5A7A-E46C-4990-8AA4-3B76E1AEF227}.Debug|Any CPU.ActiveCfg = Debug|Any CPU
		{107E5A7A-E46C-4990-8AA4-3B76E1AEF227}.Debug|Any CPU.Build.0 = Debug|Any CPU
		{107E5A7A-E46C-4990-8AA4-3B76E1AEF227}.Release|Any CPU.ActiveCfg = Release|Any CPU
		{107E5A7A-E46C-4990-8AA4-3B76E1AEF227}.Release|Any CPU.Build.0 = Release|Any CPU
		{1F2A2314-760D-415E-85BD-847DF51F1B9D}.Debug|Any CPU.ActiveCfg = Debug|Any CPU
		{1F2A2314-760D-415E-85BD-847DF51F1B9D}.Debug|Any CPU.Build.0 = Debug|Any CPU
		{1F2A2314-760D-415E-85BD-847DF51F1B9D}.Release|Any CPU.ActiveCfg = Release|Any CPU
		{1F2A2314-760D-415E-85BD-847DF51F1B9D}.Release|Any CPU.Build.0 = Release|Any CPU
		{42436B56-DF6F-4596-9082-5F2ABBA09E01}.Debug|Any CPU.ActiveCfg = Debug|Any CPU
		{42436B56-DF6F-4596-9082-5F2ABBA09E01}.Debug|Any CPU.Build.0 = Debug|Any CPU
		{42436B56-DF6F-4596-9082-5F2ABBA09E01}.Release|Any CPU.ActiveCfg = Release|Any CPU
		{42436B56-DF6F-4596-9082-5F2ABBA09E01}.Release|Any CPU.Build.0 = Release|Any CPU
	EndGlobalSection
	GlobalSection(SolutionProperties) = preSolution
		HideSolutionNode = FALSE
	EndGlobalSection
	GlobalSection(ExtensibilityGlobals) = postSolution
		SolutionGuid = {99E2E202-A16D-4119-BCE0-F9232CFD8793}
	EndGlobalSection
EndGlobal
